// !$*UTF8*$!
{
	archiveVersion = 1;
	classes = {
	};
	objectVersion = 46;
	objects = {

/* Begin PBXBuildFile section */
		2D3E76341B42490D004B6F01 /* assets.xcassets in Resources */ = {isa = PBXBuildFile; fileRef = 2D3E76331B42490D004B6F01 /* assets.xcassets */; };
		2D3E76351B42490D004B6F01 /* assets.xcassets in Resources */ = {isa = PBXBuildFile; fileRef = 2D3E76331B42490D004B6F01 /* assets.xcassets */; };
		2D46B52B1B82F9BD00663A40 /* AppDelegate.swift in Sources */ = {isa = PBXBuildFile; fileRef = 2D46B5201B82F9BD00663A40 /* AppDelegate.swift */; };
		2D46B52C1B82F9BD00663A40 /* AppDelegate.swift in Sources */ = {isa = PBXBuildFile; fileRef = 2D46B5201B82F9BD00663A40 /* AppDelegate.swift */; };
		2D46B52D1B82F9BD00663A40 /* ArrayExtension.swift in Sources */ = {isa = PBXBuildFile; fileRef = 2D46B5211B82F9BD00663A40 /* ArrayExtension.swift */; };
		2D46B52E1B82F9BD00663A40 /* ArrayExtension.swift in Sources */ = {isa = PBXBuildFile; fileRef = 2D46B5211B82F9BD00663A40 /* ArrayExtension.swift */; };
		2D46B52F1B82F9BD00663A40 /* DemoTable.swift in Sources */ = {isa = PBXBuildFile; fileRef = 2D46B5221B82F9BD00663A40 /* DemoTable.swift */; };
		2D46B5301B82F9BD00663A40 /* DemoTable.swift in Sources */ = {isa = PBXBuildFile; fileRef = 2D46B5221B82F9BD00663A40 /* DemoTable.swift */; };
		2D46B5311B82F9BD00663A40 /* LaunchScreen.xib in Resources */ = {isa = PBXBuildFile; fileRef = 2D46B5231B82F9BD00663A40 /* LaunchScreen.xib */; };
		2D46B5321B82F9BD00663A40 /* LaunchScreen.xib in Resources */ = {isa = PBXBuildFile; fileRef = 2D46B5231B82F9BD00663A40 /* LaunchScreen.xib */; };
		2D46B5331B82F9BD00663A40 /* ViewController.swift in Sources */ = {isa = PBXBuildFile; fileRef = 2D46B5251B82F9BD00663A40 /* ViewController.swift */; };
		2D46B5341B82F9BD00663A40 /* ViewController.swift in Sources */ = {isa = PBXBuildFile; fileRef = 2D46B5251B82F9BD00663A40 /* ViewController.swift */; };
		2D46B5351B82F9BD00663A40 /* WorktableCellItem.swift in Sources */ = {isa = PBXBuildFile; fileRef = 2D46B5261B82F9BD00663A40 /* WorktableCellItem.swift */; };
		2D46B5361B82F9BD00663A40 /* WorktableCellItem.swift in Sources */ = {isa = PBXBuildFile; fileRef = 2D46B5261B82F9BD00663A40 /* WorktableCellItem.swift */; };
		2D46B5371B82F9BD00663A40 /* WorktableCellItemBase.swift in Sources */ = {isa = PBXBuildFile; fileRef = 2D46B5271B82F9BD00663A40 /* WorktableCellItemBase.swift */; };
		2D46B5381B82F9BD00663A40 /* WorktableCellItemBase.swift in Sources */ = {isa = PBXBuildFile; fileRef = 2D46B5271B82F9BD00663A40 /* WorktableCellItemBase.swift */; };
		2D46B53B1B82F9BD00663A40 /* WorktableCellViewBase.swift in Sources */ = {isa = PBXBuildFile; fileRef = 2D46B5291B82F9BD00663A40 /* WorktableCellViewBase.swift */; };
		2D46B53C1B82F9BD00663A40 /* WorktableCellViewBase.swift in Sources */ = {isa = PBXBuildFile; fileRef = 2D46B5291B82F9BD00663A40 /* WorktableCellViewBase.swift */; };
		2D46B53D1B82F9BD00663A40 /* WorktableViewController.swift in Sources */ = {isa = PBXBuildFile; fileRef = 2D46B52A1B82F9BD00663A40 /* WorktableViewController.swift */; };
		2D46B53E1B82F9BD00663A40 /* WorktableViewController.swift in Sources */ = {isa = PBXBuildFile; fileRef = 2D46B52A1B82F9BD00663A40 /* WorktableViewController.swift */; };
		2DF101151AC231B300CCCB7F /* worktableTests.swift in Sources */ = {isa = PBXBuildFile; fileRef = 2DF101141AC231B300CCCB7F /* worktableTests.swift */; };
/* End PBXBuildFile section */

/* Begin PBXContainerItemProxy section */
		2DF1010F1AC231B300CCCB7F /* PBXContainerItemProxy */ = {
			isa = PBXContainerItemProxy;
			containerPortal = 2DF100F11AC231B300CCCB7F /* Project object */;
			proxyType = 1;
			remoteGlobalIDString = 2DF100F81AC231B300CCCB7F;
			remoteInfo = worktable;
		};
/* End PBXContainerItemProxy section */

/* Begin PBXFileReference section */
		2D3E76321B4247F0004B6F01 /* info */ = {isa = PBXFileReference; lastKnownFileType = folder; path = info; sourceTree = "<group>"; };
		2D3E76331B42490D004B6F01 /* assets.xcassets */ = {isa = PBXFileReference; lastKnownFileType = folder.assetcatalog; path = assets.xcassets; sourceTree = "<group>"; };
		2D46B5201B82F9BD00663A40 /* AppDelegate.swift */ = {isa = PBXFileReference; fileEncoding = 4; lastKnownFileType = sourcecode.swift; name = AppDelegate.swift; path = worktable/AppDelegate.swift; sourceTree = "<group>"; };
		2D46B5211B82F9BD00663A40 /* ArrayExtension.swift */ = {isa = PBXFileReference; fileEncoding = 4; lastKnownFileType = sourcecode.swift; name = ArrayExtension.swift; path = worktable/ArrayExtension.swift; sourceTree = "<group>"; };
		2D46B5221B82F9BD00663A40 /* DemoTable.swift */ = {isa = PBXFileReference; fileEncoding = 4; lastKnownFileType = sourcecode.swift; name = DemoTable.swift; path = worktable/DemoTable.swift; sourceTree = "<group>"; };
		2D46B5231B82F9BD00663A40 /* LaunchScreen.xib */ = {isa = PBXFileReference; fileEncoding = 4; lastKnownFileType = file.xib; name = LaunchScreen.xib; path = worktable/LaunchScreen.xib; sourceTree = "<group>"; };
		2D46B5251B82F9BD00663A40 /* ViewController.swift */ = {isa = PBXFileReference; fileEncoding = 4; lastKnownFileType = sourcecode.swift; name = ViewController.swift; path = worktable/ViewController.swift; sourceTree = "<group>"; };
		2D46B5261B82F9BD00663A40 /* WorktableCellItem.swift */ = {isa = PBXFileReference; fileEncoding = 4; lastKnownFileType = sourcecode.swift; name = WorktableCellItem.swift; path = worktable/WorktableCellItem.swift; sourceTree = "<group>"; };
		2D46B5271B82F9BD00663A40 /* WorktableCellItemBase.swift */ = {isa = PBXFileReference; fileEncoding = 4; lastKnownFileType = sourcecode.swift; name = WorktableCellItemBase.swift; path = worktable/WorktableCellItemBase.swift; sourceTree = "<group>"; };
		2D46B5291B82F9BD00663A40 /* WorktableCellViewBase.swift */ = {isa = PBXFileReference; fileEncoding = 4; lastKnownFileType = sourcecode.swift; name = WorktableCellViewBase.swift; path = worktable/WorktableCellViewBase.swift; sourceTree = "<group>"; };
		2D46B52A1B82F9BD00663A40 /* WorktableViewController.swift */ = {isa = PBXFileReference; fileEncoding = 4; lastKnownFileType = sourcecode.swift; name = WorktableViewController.swift; path = worktable/WorktableViewController.swift; sourceTree = "<group>"; };
		2DF100F91AC231B300CCCB7F /* worktable.app */ = {isa = PBXFileReference; explicitFileType = wrapper.application; includeInIndex = 0; path = worktable.app; sourceTree = BUILT_PRODUCTS_DIR; };
		2DF1010E1AC231B300CCCB7F /* worktableTests.xctest */ = {isa = PBXFileReference; explicitFileType = wrapper.cfbundle; includeInIndex = 0; path = worktableTests.xctest; sourceTree = BUILT_PRODUCTS_DIR; };
		2DF101131AC231B300CCCB7F /* Info.plist */ = {isa = PBXFileReference; lastKnownFileType = text.plist.xml; path = Info.plist; sourceTree = "<group>"; };
		2DF101141AC231B300CCCB7F /* worktableTests.swift */ = {isa = PBXFileReference; lastKnownFileType = sourcecode.swift; path = worktableTests.swift; sourceTree = "<group>"; };
/* End PBXFileReference section */

/* Begin PBXFrameworksBuildPhase section */
		2DF100F61AC231B300CCCB7F /* Frameworks */ = {
			isa = PBXFrameworksBuildPhase;
			buildActionMask = 2147483647;
			files = (
			);
			runOnlyForDeploymentPostprocessing = 0;
		};
		2DF1010B1AC231B300CCCB7F /* Frameworks */ = {
			isa = PBXFrameworksBuildPhase;
			buildActionMask = 2147483647;
			files = (
			);
			runOnlyForDeploymentPostprocessing = 0;
		};
/* End PBXFrameworksBuildPhase section */

/* Begin PBXGroup section */
		2D46B51F1B82F90200663A40 /* worktable */ = {
			isa = PBXGroup;
			children = (
				2D46B5201B82F9BD00663A40 /* AppDelegate.swift */,
				2D46B5211B82F9BD00663A40 /* ArrayExtension.swift */,
				2D46B5221B82F9BD00663A40 /* DemoTable.swift */,
				2D46B5231B82F9BD00663A40 /* LaunchScreen.xib */,
				2D46B5251B82F9BD00663A40 /* ViewController.swift */,
				2D46B5261B82F9BD00663A40 /* WorktableCellItem.swift */,
				2D46B5271B82F9BD00663A40 /* WorktableCellItemBase.swift */,
				2D46B5291B82F9BD00663A40 /* WorktableCellViewBase.swift */,
				2D46B52A1B82F9BD00663A40 /* WorktableViewController.swift */,
			);
			name = worktable;
			sourceTree = "<group>";
		};
		2DF100F01AC231B300CCCB7F = {
			isa = PBXGroup;
			children = (
				2D46B51F1B82F90200663A40 /* worktable */,
				2D3E76331B42490D004B6F01 /* assets.xcassets */,
				2D3E76321B4247F0004B6F01 /* info */,
				2DF101111AC231B300CCCB7F /* worktableTests */,
				2DF100FA1AC231B300CCCB7F /* Products */,
			);
			sourceTree = "<group>";
		};
		2DF100FA1AC231B300CCCB7F /* Products */ = {
			isa = PBXGroup;
			children = (
				2DF100F91AC231B300CCCB7F /* worktable.app */,
				2DF1010E1AC231B300CCCB7F /* worktableTests.xctest */,
			);
			name = Products;
			sourceTree = "<group>";
		};
		2DF101111AC231B300CCCB7F /* worktableTests */ = {
			isa = PBXGroup;
			children = (
				2DF101141AC231B300CCCB7F /* worktableTests.swift */,
				2DF101121AC231B300CCCB7F /* Supporting Files */,
			);
			path = worktableTests;
			sourceTree = "<group>";
		};
		2DF101121AC231B300CCCB7F /* Supporting Files */ = {
			isa = PBXGroup;
			children = (
				2DF101131AC231B300CCCB7F /* Info.plist */,
			);
			name = "Supporting Files";
			sourceTree = "<group>";
		};
/* End PBXGroup section */

/* Begin PBXNativeTarget section */
		2DF100F81AC231B300CCCB7F /* worktable */ = {
			isa = PBXNativeTarget;
			buildConfigurationList = 2DF101181AC231B300CCCB7F /* Build configuration list for PBXNativeTarget "worktable" */;
			buildPhases = (
				2DF100F51AC231B300CCCB7F /* Sources */,
				2DF100F61AC231B300CCCB7F /* Frameworks */,
				2DF100F71AC231B300CCCB7F /* Resources */,
			);
			buildRules = (
			);
			dependencies = (
			);
			name = worktable;
			productName = worktable;
			productReference = 2DF100F91AC231B300CCCB7F /* worktable.app */;
			productType = "com.apple.product-type.application";
		};
		2DF1010D1AC231B300CCCB7F /* worktableTests */ = {
			isa = PBXNativeTarget;
			buildConfigurationList = 2DF1011B1AC231B300CCCB7F /* Build configuration list for PBXNativeTarget "worktableTests" */;
			buildPhases = (
				2DF1010A1AC231B300CCCB7F /* Sources */,
				2DF1010B1AC231B300CCCB7F /* Frameworks */,
				2DF1010C1AC231B300CCCB7F /* Resources */,
			);
			buildRules = (
			);
			dependencies = (
				2DF101101AC231B300CCCB7F /* PBXTargetDependency */,
			);
			name = worktableTests;
			productName = worktableTests;
			productReference = 2DF1010E1AC231B300CCCB7F /* worktableTests.xctest */;
			productType = "com.apple.product-type.bundle.unit-test";
		};
/* End PBXNativeTarget section */

/* Begin PBXProject section */
		2DF100F11AC231B300CCCB7F /* Project object */ = {
			isa = PBXProject;
			attributes = {
				LastUpgradeCheck = 0620;
				ORGANIZATIONNAME = LopSae;
				TargetAttributes = {
					2DF100F81AC231B300CCCB7F = {
						CreatedOnToolsVersion = 6.2;
					};
					2DF1010D1AC231B300CCCB7F = {
						CreatedOnToolsVersion = 6.2;
						TestTargetID = 2DF100F81AC231B300CCCB7F;
					};
				};
			};
			buildConfigurationList = 2DF100F41AC231B300CCCB7F /* Build configuration list for PBXProject "worktable" */;
			compatibilityVersion = "Xcode 3.2";
			developmentRegion = English;
			hasScannedForEncodings = 0;
			knownRegions = (
				en,
				Base,
			);
			mainGroup = 2DF100F01AC231B300CCCB7F;
			productRefGroup = 2DF100FA1AC231B300CCCB7F /* Products */;
			projectDirPath = "";
			projectRoot = "";
			targets = (
				2DF100F81AC231B300CCCB7F /* worktable */,
				2DF1010D1AC231B300CCCB7F /* worktableTests */,
			);
		};
/* End PBXProject section */

/* Begin PBXResourcesBuildPhase section */
		2DF100F71AC231B300CCCB7F /* Resources */ = {
			isa = PBXResourcesBuildPhase;
			buildActionMask = 2147483647;
			files = (
				2D46B5311B82F9BD00663A40 /* LaunchScreen.xib in Resources */,
				2D3E76341B42490D004B6F01 /* assets.xcassets in Resources */,
			);
			runOnlyForDeploymentPostprocessing = 0;
		};
		2DF1010C1AC231B300CCCB7F /* Resources */ = {
			isa = PBXResourcesBuildPhase;
			buildActionMask = 2147483647;
			files = (
				2D46B5321B82F9BD00663A40 /* LaunchScreen.xib in Resources */,
				2D3E76351B42490D004B6F01 /* assets.xcassets in Resources */,
			);
			runOnlyForDeploymentPostprocessing = 0;
		};
/* End PBXResourcesBuildPhase section */

/* Begin PBXSourcesBuildPhase section */
		2DF100F51AC231B300CCCB7F /* Sources */ = {
			isa = PBXSourcesBuildPhase;
			buildActionMask = 2147483647;
			files = (
				2D46B52B1B82F9BD00663A40 /* AppDelegate.swift in Sources */,
				2D46B5351B82F9BD00663A40 /* WorktableCellItem.swift in Sources */,
				2D46B52F1B82F9BD00663A40 /* DemoTable.swift in Sources */,
				2D46B5331B82F9BD00663A40 /* ViewController.swift in Sources */,
				2D46B52D1B82F9BD00663A40 /* ArrayExtension.swift in Sources */,
				2D46B5371B82F9BD00663A40 /* WorktableCellItemBase.swift in Sources */,
				2D46B53D1B82F9BD00663A40 /* WorktableViewController.swift in Sources */,
				2D46B53B1B82F9BD00663A40 /* WorktableCellViewBase.swift in Sources */,
			);
			runOnlyForDeploymentPostprocessing = 0;
		};
		2DF1010A1AC231B300CCCB7F /* Sources */ = {
			isa = PBXSourcesBuildPhase;
			buildActionMask = 2147483647;
			files = (
				2D46B5341B82F9BD00663A40 /* ViewController.swift in Sources */,
				2D46B52E1B82F9BD00663A40 /* ArrayExtension.swift in Sources */,
				2D46B52C1B82F9BD00663A40 /* AppDelegate.swift in Sources */,
				2D46B53E1B82F9BD00663A40 /* WorktableViewController.swift in Sources */,
				2D46B5381B82F9BD00663A40 /* WorktableCellItemBase.swift in Sources */,
				2D46B53C1B82F9BD00663A40 /* WorktableCellViewBase.swift in Sources */,
				2DF101151AC231B300CCCB7F /* worktableTests.swift in Sources */,
				2D46B5361B82F9BD00663A40 /* WorktableCellItem.swift in Sources */,
				2D46B5301B82F9BD00663A40 /* DemoTable.swift in Sources */,
			);
			runOnlyForDeploymentPostprocessing = 0;
		};
/* End PBXSourcesBuildPhase section */

/* Begin PBXTargetDependency section */
		2DF101101AC231B300CCCB7F /* PBXTargetDependency */ = {
			isa = PBXTargetDependency;
			target = 2DF100F81AC231B300CCCB7F /* worktable */;
			targetProxy = 2DF1010F1AC231B300CCCB7F /* PBXContainerItemProxy */;
		};
/* End PBXTargetDependency section */

/* Begin XCBuildConfiguration section */
		2DF101161AC231B300CCCB7F /* Debug */ = {
			isa = XCBuildConfiguration;
			buildSettings = {
				ALWAYS_SEARCH_USER_PATHS = NO;
				CLANG_CXX_LANGUAGE_STANDARD = "gnu++0x";
				CLANG_CXX_LIBRARY = "libc++";
				CLANG_ENABLE_MODULES = YES;
				CLANG_ENABLE_OBJC_ARC = YES;
				CLANG_WARN_BOOL_CONVERSION = YES;
				CLANG_WARN_CONSTANT_CONVERSION = YES;
				CLANG_WARN_DIRECT_OBJC_ISA_USAGE = YES_ERROR;
				CLANG_WARN_EMPTY_BODY = YES;
				CLANG_WARN_ENUM_CONVERSION = YES;
				CLANG_WARN_INT_CONVERSION = YES;
				CLANG_WARN_OBJC_ROOT_CLASS = YES_ERROR;
				CLANG_WARN_UNREACHABLE_CODE = YES;
				CLANG_WARN__DUPLICATE_METHOD_MATCH = YES;
				"CODE_SIGN_IDENTITY[sdk=iphoneos*]" = "iPhone Developer";
				COPY_PHASE_STRIP = NO;
				ENABLE_STRICT_OBJC_MSGSEND = YES;
				GCC_C_LANGUAGE_STANDARD = gnu99;
				GCC_DYNAMIC_NO_PIC = NO;
				GCC_OPTIMIZATION_LEVEL = 0;
				GCC_PREPROCESSOR_DEFINITIONS = (
					"DEBUG=1",
					"$(inherited)",
				);
				GCC_SYMBOLS_PRIVATE_EXTERN = NO;
				GCC_WARN_64_TO_32_BIT_CONVERSION = YES;
				GCC_WARN_ABOUT_RETURN_TYPE = YES_ERROR;
				GCC_WARN_UNDECLARED_SELECTOR = YES;
				GCC_WARN_UNINITIALIZED_AUTOS = YES_AGGRESSIVE;
				GCC_WARN_UNUSED_FUNCTION = YES;
				GCC_WARN_UNUSED_VARIABLE = YES;
				INFOPLIST_FILE = "$(SRCROOT)/info/Info.plist";
				IPHONEOS_DEPLOYMENT_TARGET = 8.2;
				MTL_ENABLE_DEBUG_INFO = YES;
				ONLY_ACTIVE_ARCH = YES;
				SDKROOT = iphoneos;
				SWIFT_OPTIMIZATION_LEVEL = "-Onone";
			};
			name = Debug;
		};
		2DF101171AC231B300CCCB7F /* Release */ = {
			isa = XCBuildConfiguration;
			buildSettings = {
				ALWAYS_SEARCH_USER_PATHS = NO;
				CLANG_CXX_LANGUAGE_STANDARD = "gnu++0x";
				CLANG_CXX_LIBRARY = "libc++";
				CLANG_ENABLE_MODULES = YES;
				CLANG_ENABLE_OBJC_ARC = YES;
				CLANG_WARN_BOOL_CONVERSION = YES;
				CLANG_WARN_CONSTANT_CONVERSION = YES;
				CLANG_WARN_DIRECT_OBJC_ISA_USAGE = YES_ERROR;
				CLANG_WARN_EMPTY_BODY = YES;
				CLANG_WARN_ENUM_CONVERSION = YES;
				CLANG_WARN_INT_CONVERSION = YES;
				CLANG_WARN_OBJC_ROOT_CLASS = YES_ERROR;
				CLANG_WARN_UNREACHABLE_CODE = YES;
				CLANG_WARN__DUPLICATE_METHOD_MATCH = YES;
				"CODE_SIGN_IDENTITY[sdk=iphoneos*]" = "iPhone Developer";
				COPY_PHASE_STRIP = NO;
				ENABLE_NS_ASSERTIONS = NO;
				ENABLE_STRICT_OBJC_MSGSEND = YES;
				GCC_C_LANGUAGE_STANDARD = gnu99;
				GCC_WARN_64_TO_32_BIT_CONVERSION = YES;
				GCC_WARN_ABOUT_RETURN_TYPE = YES_ERROR;
				GCC_WARN_UNDECLARED_SELECTOR = YES;
				GCC_WARN_UNINITIALIZED_AUTOS = YES_AGGRESSIVE;
				GCC_WARN_UNUSED_FUNCTION = YES;
				GCC_WARN_UNUSED_VARIABLE = YES;
				INFOPLIST_FILE = "$(SRCROOT)/info/Info.plist";
				IPHONEOS_DEPLOYMENT_TARGET = 8.2;
				MTL_ENABLE_DEBUG_INFO = NO;
				SDKROOT = iphoneos;
				VALIDATE_PRODUCT = YES;
			};
			name = Release;
		};
		2DF101191AC231B300CCCB7F /* Debug */ = {
			isa = XCBuildConfiguration;
			buildSettings = {
				ASSETCATALOG_COMPILER_APPICON_NAME = AppIcon;
				LD_RUNPATH_SEARCH_PATHS = "$(inherited) @executable_path/Frameworks";
				PRODUCT_NAME = "$(TARGET_NAME)";
				TARGETED_DEVICE_FAMILY = 1;
			};
			name = Debug;
		};
		2DF1011A1AC231B300CCCB7F /* Release */ = {
			isa = XCBuildConfiguration;
			buildSettings = {
				ASSETCATALOG_COMPILER_APPICON_NAME = AppIcon;
				LD_RUNPATH_SEARCH_PATHS = "$(inherited) @executable_path/Frameworks";
				PRODUCT_NAME = "$(TARGET_NAME)";
				TARGETED_DEVICE_FAMILY = 1;
			};
			name = Release;
		};
		2DF1011C1AC231B300CCCB7F /* Debug */ = {
			isa = XCBuildConfiguration;
			buildSettings = {
				BUNDLE_LOADER = "$(TEST_HOST)";
				FRAMEWORK_SEARCH_PATHS = (
					"$(SDKROOT)/Developer/Library/Frameworks",
					"$(inherited)",
				);
				GCC_PREPROCESSOR_DEFINITIONS = (
					"DEBUG=1",
					"$(inherited)",
				);
				INFOPLIST_FILE = worktableTests/Info.plist;
				LD_RUNPATH_SEARCH_PATHS = "$(inherited) @executable_path/Frameworks @loader_path/Frameworks";
				PRODUCT_NAME = "$(TARGET_NAME)";
				TEST_HOST = "$(BUILT_PRODUCTS_DIR)/worktable.app/worktable";
			};
			name = Debug;
		};
		2DF1011D1AC231B300CCCB7F /* Release */ = {
			isa = XCBuildConfiguration;
			buildSettings = {
				BUNDLE_LOADER = "$(TEST_HOST)";
				FRAMEWORK_SEARCH_PATHS = (
					"$(SDKROOT)/Developer/Library/Frameworks",
					"$(inherited)",
				);
				INFOPLIST_FILE = worktableTests/Info.plist;
				LD_RUNPATH_SEARCH_PATHS = "$(inherited) @executable_path/Frameworks @loader_path/Frameworks";
				PRODUCT_NAME = "$(TARGET_NAME)";
				TEST_HOST = "$(BUILT_PRODUCTS_DIR)/worktable.app/worktable";
			};
			name = Release;
		};
/* End XCBuildConfiguration section */

/* Begin XCConfigurationList section */
		2DF100F41AC231B300CCCB7F /* Build configuration list for PBXProject "worktable" */ = {
			isa = XCConfigurationList;
			buildConfigurations = (
				2DF101161AC231B300CCCB7F /* Debug */,
				2DF101171AC231B300CCCB7F /* Release */,
			);
			defaultConfigurationIsVisible = 0;
			defaultConfigurationName = Release;
		};
		2DF101181AC231B300CCCB7F /* Build configuration list for PBXNativeTarget "worktable" */ = {
			isa = XCConfigurationList;
			buildConfigurations = (
				2DF101191AC231B300CCCB7F /* Debug */,
				2DF1011A1AC231B300CCCB7F /* Release */,
			);
			defaultConfigurationIsVisible = 0;
			defaultConfigurationName = Release;
		};
		2DF1011B1AC231B300CCCB7F /* Build configuration list for PBXNativeTarget "worktableTests" */ = {
			isa = XCConfigurationList;
			buildConfigurations = (
				2DF1011C1AC231B300CCCB7F /* Debug */,
				2DF1011D1AC231B300CCCB7F /* Release */,
			);
			defaultConfigurationIsVisible = 0;
			defaultConfigurationName = Release;
		};
/* End XCConfigurationList section */
	};
	rootObject = 2DF100F11AC231B300CCCB7F /* Project object */;
}
